
Microsoft Visual Studio Solution File, Format Version 12.00
# Visual Studio Version 16
VisualStudioVersion = 16.0.30002.166
MinimumVisualStudioVersion = 10.0.40219.1
Project("{FAE04EC0-301F-11D3-BF4B-00C04F79EFBC}") = "Lab 7 Regular Expressions", "Lab 7 Regular Expressions\Lab 7 Regular Expressions.csproj", "{A3FE7ED8-DF90-4B86-B273-0753BCC36626}"
EndProject
Global
	GlobalSection(SolutionConfigurationPlatforms) = preSolution
		Debug|Any CPU = Debug|Any CPU
		Release|Any CPU = Release|Any CPU
	EndGlobalSection
	GlobalSection(ProjectConfigurationPlatforms) = postSolution
		{A3FE7ED8-DF90-4B86-B273-0753BCC36626}.Debug|Any CPU.ActiveCfg = Debug|Any CPU
		{A3FE7ED8-DF90-4B86-B273-0753BCC36626}.Debug|Any CPU.Build.0 = Debug|Any CPU
		{A3FE7ED8-DF90-4B86-B273-0753BCC36626}.Release|Any CPU.ActiveCfg = Release|Any CPU
		{A3FE7ED8-DF90-4B86-B273-0753BCC36626}.Release|Any CPU.Build.0 = Release|Any CPU
	EndGlobalSection
	GlobalSection(SolutionProperties) = preSolution
		HideSolutionNode = FALSE
	EndGlobalSection
	GlobalSection(ExtensibilityGlobals) = postSolution
		SolutionGuid = {25012DDF-A7BC-4D77-BA96-F682A0633F89}
	EndGlobalSection
EndGlobal
